// !$*UTF8*$!
{
	archiveVersion = 1;
	classes = {
	};
	objectVersion = 48;
	objects = {

/* Begin PBXBuildFile section */
		5EE016F62073D6920097FAE9 /* jquery.js in Resources */ = {isa = PBXBuildFile; fileRef = 5EE016F52073D6920097FAE9 /* jquery.js */; };
		5EF39B832061594B00BF2B5A /* Images.xcassets in Resources */ = {isa = PBXBuildFile; fileRef = 5EF39B822061594B00BF2B5A /* Images.xcassets */; };
		B90B9346207C9E1B0029513B /* SingleWebViewController.m in Sources */ = {isa = PBXBuildFile; fileRef = B90B9345207C9E1B0029513B /* SingleWebViewController.m */; };
		B90B9349207C9E350029513B /* BannerViewController.m in Sources */ = {isa = PBXBuildFile; fileRef = B90B9348207C9E350029513B /* BannerViewController.m */; };
		B90B934C207C9E490029513B /* HybridViewController.m in Sources */ = {isa = PBXBuildFile; fileRef = B90B934B207C9E490029513B /* HybridViewController.m */; };
		B90B934F207CA2130029513B /* FoldedViewController.m in Sources */ = {isa = PBXBuildFile; fileRef = B90B934E207CA2130029513B /* FoldedViewController.m */; };
		B90B9359207CD73F0029513B /* HPKWebViewHandler.m in Sources */ = {isa = PBXBuildFile; fileRef = B90B9358207CD73F0029513B /* HPKWebViewHandler.m */; };
		B90B935D207CE1800029513B /* FoldedView.m in Sources */ = {isa = PBXBuildFile; fileRef = B90B935C207CE1800029513B /* FoldedView.m */; };
		B90B9360207CE18C0029513B /* FoldedModel.m in Sources */ = {isa = PBXBuildFile; fileRef = B90B935F207CE18C0029513B /* FoldedModel.m */; };
		B90B9363207CE1990029513B /* FoldedController.m in Sources */ = {isa = PBXBuildFile; fileRef = B90B9362207CE1990029513B /* FoldedController.m */; };
		B90B9365207E1BB20029513B /* shortArticleContent.txt in Resources */ = {isa = PBXBuildFile; fileRef = B90B9364207E1BB20029513B /* shortArticleContent.txt */; };
		B92ADA22206104F000C5CC9F /* AppDelegate.m in Sources */ = {isa = PBXBuildFile; fileRef = B92ADA21206104F000C5CC9F /* AppDelegate.m */; };
		B92ADA30206104F000C5CC9F /* main.m in Sources */ = {isa = PBXBuildFile; fileRef = B92ADA2F206104F000C5CC9F /* main.m */; };
		B9314C4D207220BE0052C964 /* adContent.txt in Resources */ = {isa = PBXBuildFile; fileRef = B9314C4B207220BD0052C964 /* adContent.txt */; };
		B9314C4E207220BE0052C964 /* hotCommentContent.txt in Resources */ = {isa = PBXBuildFile; fileRef = B9314C4C207220BD0052C964 /* hotCommentContent.txt */; };
		B944DC0520689F7F00BD0F06 /* HPKViewController.m in Sources */ = {isa = PBXBuildFile; fileRef = B944DC0420689F7F00BD0F06 /* HPKViewController.m */; };
		B944DC092068BCD500BD0F06 /* RelateNewsController.m in Sources */ = {isa = PBXBuildFile; fileRef = B944DC082068BCD500BD0F06 /* RelateNewsController.m */; };
		B944DC0C2068BD1A00BD0F06 /* HotCommentController.m in Sources */ = {isa = PBXBuildFile; fileRef = B944DC0B2068BD1A00BD0F06 /* HotCommentController.m */; };
		B944DC0F2068BD6100BD0F06 /* MediaController.m in Sources */ = {isa = PBXBuildFile; fileRef = B944DC0E2068BD6100BD0F06 /* MediaController.m */; };
		B944DC122068BDC800BD0F06 /* AdController.m in Sources */ = {isa = PBXBuildFile; fileRef = B944DC112068BDC800BD0F06 /* AdController.m */; };
		B944DC152068BE3A00BD0F06 /* VideoController.m in Sources */ = {isa = PBXBuildFile; fileRef = B944DC142068BE3A00BD0F06 /* VideoController.m */; };
		B944DC182068BEC200BD0F06 /* GifController.m in Sources */ = {isa = PBXBuildFile; fileRef = B944DC172068BEC200BD0F06 /* GifController.m */; };
		B944DC1B2068BF0100BD0F06 /* ImageController.m in Sources */ = {isa = PBXBuildFile; fileRef = B944DC1A2068BF0100BD0F06 /* ImageController.m */; };
		B944DC25206902DE00BD0F06 /* TitleView.m in Sources */ = {isa = PBXBuildFile; fileRef = B944DC24206902DE00BD0F06 /* TitleView.m */; };
		B944DC28206902EE00BD0F06 /* TitleModel.m in Sources */ = {isa = PBXBuildFile; fileRef = B944DC27206902EE00BD0F06 /* TitleModel.m */; };
		B944DC2B2069045E00BD0F06 /* TitleController.m in Sources */ = {isa = PBXBuildFile; fileRef = B944DC2A2069045E00BD0F06 /* TitleController.m */; };
		B971A7DA20611E63004EFA4A /* HPKWebViewPool.m in Sources */ = {isa = PBXBuildFile; fileRef = B971A7D620611E63004EFA4A /* HPKWebViewPool.m */; };
		B971A7DB20611E63004EFA4A /* HPKWebView.m in Sources */ = {isa = PBXBuildFile; fileRef = B971A7D920611E63004EFA4A /* HPKWebView.m */; };
		B971A7DE20612FA0004EFA4A /* LocalServer.m in Sources */ = {isa = PBXBuildFile; fileRef = B971A7DD20612FA0004EFA4A /* LocalServer.m */; };
		B971A7E1206139B5004EFA4A /* ListViewController.m in Sources */ = {isa = PBXBuildFile; fileRef = B971A7E0206139B5004EFA4A /* ListViewController.m */; };
		B971A7EB20623541004EFA4A /* ArticleApi.m in Sources */ = {isa = PBXBuildFile; fileRef = B971A7EA20623541004EFA4A /* ArticleApi.m */; };
		B971A7F2206240B3004EFA4A /* articleContent.txt in Resources */ = {isa = PBXBuildFile; fileRef = B971A7F1206240B3004EFA4A /* articleContent.txt */; };
		B971A7F5206250CF004EFA4A /* ArticleModel.m in Sources */ = {isa = PBXBuildFile; fileRef = B971A7F4206250CF004EFA4A /* ArticleModel.m */; };
		B971A7F8206250E4004EFA4A /* MediaModel.m in Sources */ = {isa = PBXBuildFile; fileRef = B971A7F7206250E4004EFA4A /* MediaModel.m */; };
		B971A7FB20625103004EFA4A /* HotCommentModel.m in Sources */ = {isa = PBXBuildFile; fileRef = B971A7FA20625103004EFA4A /* HotCommentModel.m */; };
		B971A7FE2062512D004EFA4A /* RelateNewsModel.m in Sources */ = {isa = PBXBuildFile; fileRef = B971A7FD2062512D004EFA4A /* RelateNewsModel.m */; };
		B971A80120625AB6004EFA4A /* ImageModel.m in Sources */ = {isa = PBXBuildFile; fileRef = B971A80020625AB6004EFA4A /* ImageModel.m */; };
		B971A80420625ACE004EFA4A /* GifModel.m in Sources */ = {isa = PBXBuildFile; fileRef = B971A80320625ACE004EFA4A /* GifModel.m */; };
		B971A80720625ADF004EFA4A /* VideoModel.m in Sources */ = {isa = PBXBuildFile; fileRef = B971A80620625ADF004EFA4A /* VideoModel.m */; };
		B971A80A20625AF1004EFA4A /* AdModel.m in Sources */ = {isa = PBXBuildFile; fileRef = B971A80920625AF1004EFA4A /* AdModel.m */; };
		B971A80D20628466004EFA4A /* ImageView.m in Sources */ = {isa = PBXBuildFile; fileRef = B971A80C20628466004EFA4A /* ImageView.m */; };
		B971A81020628483004EFA4A /* GifView.m in Sources */ = {isa = PBXBuildFile; fileRef = B971A80F20628483004EFA4A /* GifView.m */; };
		B971A81320628491004EFA4A /* VideoView.m in Sources */ = {isa = PBXBuildFile; fileRef = B971A81220628491004EFA4A /* VideoView.m */; };
		B971A816206284A1004EFA4A /* AdView.m in Sources */ = {isa = PBXBuildFile; fileRef = B971A815206284A1004EFA4A /* AdView.m */; };
		B971A81920628511004EFA4A /* MediaView.m in Sources */ = {isa = PBXBuildFile; fileRef = B971A81820628511004EFA4A /* MediaView.m */; };
		B971A81C2062853B004EFA4A /* HotCommentView.m in Sources */ = {isa = PBXBuildFile; fileRef = B971A81B2062853B004EFA4A /* HotCommentView.m */; };
		B971A81F20628549004EFA4A /* RelateNewsView.m in Sources */ = {isa = PBXBuildFile; fileRef = B971A81E20628549004EFA4A /* RelateNewsView.m */; };
		B971A822206286A8004EFA4A /* HtmlRenderHandler.m in Sources */ = {isa = PBXBuildFile; fileRef = B971A821206286A8004EFA4A /* HtmlRenderHandler.m */; };
		B971A82E20628DED004EFA4A /* ComponentRendering.m in Sources */ = {isa = PBXBuildFile; fileRef = B971A82D20628DED004EFA4A /* ComponentRendering.m */; };
		B971A83B20637195004EFA4A /* HPKContainerScrollView.m in Sources */ = {isa = PBXBuildFile; fileRef = B971A83A20637195004EFA4A /* HPKContainerScrollView.m */; };
		B9D64B72206CA62A009FFB03 /* HPKURLProtocol.m in Sources */ = {isa = PBXBuildFile; fileRef = B9D64B71206CA62A009FFB03 /* HPKURLProtocol.m */; };
		B9D64B7A206CD128009FFB03 /* iconImage.png in Resources */ = {isa = PBXBuildFile; fileRef = B9D64B79206CD128009FFB03 /* iconImage.png */; };
		B9D64B7C206CD17F009FFB03 /* play.png in Resources */ = {isa = PBXBuildFile; fileRef = B9D64B7B206CD17E009FFB03 /* play.png */; };
		B9D64B7F206CE5F6009FFB03 /* gif2.jpeg in Resources */ = {isa = PBXBuildFile; fileRef = B9D64B7D206CE5F6009FFB03 /* gif2.jpeg */; };
		B9D64B80206CE5F6009FFB03 /* gif1.jpeg in Resources */ = {isa = PBXBuildFile; fileRef = B9D64B7E206CE5F6009FFB03 /* gif1.jpeg */; };
		C9DF21612A48C5DD8404C688 /* libPods-HybridPageKit.a in Frameworks */ = {isa = PBXBuildFile; fileRef = B9F750C634990BDD6329B757 /* libPods-HybridPageKit.a */; };
/* End PBXBuildFile section */

/* Begin PBXFileReference section */
		1C13DBD28613BC9A443A7A3D /* Pods-HybridPageKit.release.xcconfig */ = {isa = PBXFileReference; includeInIndex = 1; lastKnownFileType = text.xcconfig; name = "Pods-HybridPageKit.release.xcconfig"; path = "Pods/Target Support Files/Pods-HybridPageKit/Pods-HybridPageKit.release.xcconfig"; sourceTree = "<group>"; };
		5EE016F52073D6920097FAE9 /* jquery.js */ = {isa = PBXFileReference; fileEncoding = 4; lastKnownFileType = sourcecode.javascript; path = jquery.js; sourceTree = "<group>"; };
		5EF39B822061594B00BF2B5A /* Images.xcassets */ = {isa = PBXFileReference; lastKnownFileType = folder.assetcatalog; path = Images.xcassets; sourceTree = "<group>"; };
		B90B9344207C9E1B0029513B /* SingleWebViewController.h */ = {isa = PBXFileReference; lastKnownFileType = sourcecode.c.h; path = SingleWebViewController.h; sourceTree = "<group>"; };
		B90B9345207C9E1B0029513B /* SingleWebViewController.m */ = {isa = PBXFileReference; lastKnownFileType = sourcecode.c.objc; path = SingleWebViewController.m; sourceTree = "<group>"; };
		B90B9347207C9E350029513B /* BannerViewController.h */ = {isa = PBXFileReference; lastKnownFileType = sourcecode.c.h; path = BannerViewController.h; sourceTree = "<group>"; };
		B90B9348207C9E350029513B /* BannerViewController.m */ = {isa = PBXFileReference; lastKnownFileType = sourcecode.c.objc; path = BannerViewController.m; sourceTree = "<group>"; };
		B90B934A207C9E490029513B /* HybridViewController.h */ = {isa = PBXFileReference; lastKnownFileType = sourcecode.c.h; path = HybridViewController.h; sourceTree = "<group>"; };
		B90B934B207C9E490029513B /* HybridViewController.m */ = {isa = PBXFileReference; lastKnownFileType = sourcecode.c.objc; path = HybridViewController.m; sourceTree = "<group>"; };
		B90B934D207CA2130029513B /* FoldedViewController.h */ = {isa = PBXFileReference; lastKnownFileType = sourcecode.c.h; path = FoldedViewController.h; sourceTree = "<group>"; };
		B90B934E207CA2130029513B /* FoldedViewController.m */ = {isa = PBXFileReference; lastKnownFileType = sourcecode.c.objc; path = FoldedViewController.m; sourceTree = "<group>"; };
		B90B9357207CD73F0029513B /* HPKWebViewHandler.h */ = {isa = PBXFileReference; lastKnownFileType = sourcecode.c.h; path = HPKWebViewHandler.h; sourceTree = "<group>"; };
		B90B9358207CD73F0029513B /* HPKWebViewHandler.m */ = {isa = PBXFileReference; lastKnownFileType = sourcecode.c.objc; path = HPKWebViewHandler.m; sourceTree = "<group>"; };
		B90B935B207CE1800029513B /* FoldedView.h */ = {isa = PBXFileReference; lastKnownFileType = sourcecode.c.h; path = FoldedView.h; sourceTree = "<group>"; };
		B90B935C207CE1800029513B /* FoldedView.m */ = {isa = PBXFileReference; lastKnownFileType = sourcecode.c.objc; path = FoldedView.m; sourceTree = "<group>"; };
		B90B935E207CE18C0029513B /* FoldedModel.h */ = {isa = PBXFileReference; lastKnownFileType = sourcecode.c.h; path = FoldedModel.h; sourceTree = "<group>"; };
		B90B935F207CE18C0029513B /* FoldedModel.m */ = {isa = PBXFileReference; lastKnownFileType = sourcecode.c.objc; path = FoldedModel.m; sourceTree = "<group>"; };
		B90B9361207CE1990029513B /* FoldedController.h */ = {isa = PBXFileReference; lastKnownFileType = sourcecode.c.h; path = FoldedController.h; sourceTree = "<group>"; };
		B90B9362207CE1990029513B /* FoldedController.m */ = {isa = PBXFileReference; lastKnownFileType = sourcecode.c.objc; path = FoldedController.m; sourceTree = "<group>"; };
		B90B9364207E1BB20029513B /* shortArticleContent.txt */ = {isa = PBXFileReference; fileEncoding = 4; lastKnownFileType = text; path = shortArticleContent.txt; sourceTree = "<group>"; };
		B92ADA1D206104F000C5CC9F /* HybridPageKit.app */ = {isa = PBXFileReference; explicitFileType = wrapper.application; includeInIndex = 0; path = HybridPageKit.app; sourceTree = BUILT_PRODUCTS_DIR; };
		B92ADA20206104F000C5CC9F /* AppDelegate.h */ = {isa = PBXFileReference; lastKnownFileType = sourcecode.c.h; path = AppDelegate.h; sourceTree = "<group>"; };
		B92ADA21206104F000C5CC9F /* AppDelegate.m */ = {isa = PBXFileReference; lastKnownFileType = sourcecode.c.objc; path = AppDelegate.m; sourceTree = "<group>"; };
		B92ADA2E206104F000C5CC9F /* Info.plist */ = {isa = PBXFileReference; lastKnownFileType = text.plist.xml; path = Info.plist; sourceTree = "<group>"; };
		B92ADA2F206104F000C5CC9F /* main.m */ = {isa = PBXFileReference; lastKnownFileType = sourcecode.c.objc; path = main.m; sourceTree = "<group>"; };
		B9314C4B207220BD0052C964 /* adContent.txt */ = {isa = PBXFileReference; fileEncoding = 4; lastKnownFileType = text; path = adContent.txt; sourceTree = "<group>"; };
		B9314C4C207220BD0052C964 /* hotCommentContent.txt */ = {isa = PBXFileReference; fileEncoding = 4; lastKnownFileType = text; path = hotCommentContent.txt; sourceTree = "<group>"; };
		B944DC0320689F7F00BD0F06 /* HPKViewController.h */ = {isa = PBXFileReference; lastKnownFileType = sourcecode.c.h; path = HPKViewController.h; sourceTree = "<group>"; };
		B944DC0420689F7F00BD0F06 /* HPKViewController.m */ = {isa = PBXFileReference; lastKnownFileType = sourcecode.c.objc; path = HPKViewController.m; sourceTree = "<group>"; };
		B944DC072068BCD500BD0F06 /* RelateNewsController.h */ = {isa = PBXFileReference; lastKnownFileType = sourcecode.c.h; path = RelateNewsController.h; sourceTree = "<group>"; };
		B944DC082068BCD500BD0F06 /* RelateNewsController.m */ = {isa = PBXFileReference; lastKnownFileType = sourcecode.c.objc; path = RelateNewsController.m; sourceTree = "<group>"; };
		B944DC0A2068BD1A00BD0F06 /* HotCommentController.h */ = {isa = PBXFileReference; lastKnownFileType = sourcecode.c.h; path = HotCommentController.h; sourceTree = "<group>"; };
		B944DC0B2068BD1A00BD0F06 /* HotCommentController.m */ = {isa = PBXFileReference; lastKnownFileType = sourcecode.c.objc; path = HotCommentController.m; sourceTree = "<group>"; };
		B944DC0D2068BD6100BD0F06 /* MediaController.h */ = {isa = PBXFileReference; lastKnownFileType = sourcecode.c.h; path = MediaController.h; sourceTree = "<group>"; };
		B944DC0E2068BD6100BD0F06 /* MediaController.m */ = {isa = PBXFileReference; lastKnownFileType = sourcecode.c.objc; path = MediaController.m; sourceTree = "<group>"; };
		B944DC102068BDC800BD0F06 /* AdController.h */ = {isa = PBXFileReference; lastKnownFileType = sourcecode.c.h; path = AdController.h; sourceTree = "<group>"; };
		B944DC112068BDC800BD0F06 /* AdController.m */ = {isa = PBXFileReference; lastKnownFileType = sourcecode.c.objc; path = AdController.m; sourceTree = "<group>"; };
		B944DC132068BE3A00BD0F06 /* VideoController.h */ = {isa = PBXFileReference; lastKnownFileType = sourcecode.c.h; path = VideoController.h; sourceTree = "<group>"; };
		B944DC142068BE3A00BD0F06 /* VideoController.m */ = {isa = PBXFileReference; lastKnownFileType = sourcecode.c.objc; path = VideoController.m; sourceTree = "<group>"; };
		B944DC162068BEC200BD0F06 /* GifController.h */ = {isa = PBXFileReference; lastKnownFileType = sourcecode.c.h; path = GifController.h; sourceTree = "<group>"; };
		B944DC172068BEC200BD0F06 /* GifController.m */ = {isa = PBXFileReference; lastKnownFileType = sourcecode.c.objc; path = GifController.m; sourceTree = "<group>"; };
		B944DC192068BF0100BD0F06 /* ImageController.h */ = {isa = PBXFileReference; lastKnownFileType = sourcecode.c.h; path = ImageController.h; sourceTree = "<group>"; };
		B944DC1A2068BF0100BD0F06 /* ImageController.m */ = {isa = PBXFileReference; lastKnownFileType = sourcecode.c.objc; path = ImageController.m; sourceTree = "<group>"; };
		B944DC23206902DE00BD0F06 /* TitleView.h */ = {isa = PBXFileReference; lastKnownFileType = sourcecode.c.h; path = TitleView.h; sourceTree = "<group>"; };
		B944DC24206902DE00BD0F06 /* TitleView.m */ = {isa = PBXFileReference; lastKnownFileType = sourcecode.c.objc; path = TitleView.m; sourceTree = "<group>"; };
		B944DC26206902EE00BD0F06 /* TitleModel.h */ = {isa = PBXFileReference; lastKnownFileType = sourcecode.c.h; path = TitleModel.h; sourceTree = "<group>"; };
		B944DC27206902EE00BD0F06 /* TitleModel.m */ = {isa = PBXFileReference; lastKnownFileType = sourcecode.c.objc; path = TitleModel.m; sourceTree = "<group>"; };
		B944DC292069045E00BD0F06 /* TitleController.h */ = {isa = PBXFileReference; lastKnownFileType = sourcecode.c.h; path = TitleController.h; sourceTree = "<group>"; };
		B944DC2A2069045E00BD0F06 /* TitleController.m */ = {isa = PBXFileReference; lastKnownFileType = sourcecode.c.objc; path = TitleController.m; sourceTree = "<group>"; };
		B944DC2D2069049100BD0F06 /* ArticleFeatureDef.h */ = {isa = PBXFileReference; lastKnownFileType = sourcecode.c.h; path = ArticleFeatureDef.h; sourceTree = "<group>"; };
		B971A7D620611E63004EFA4A /* HPKWebViewPool.m */ = {isa = PBXFileReference; fileEncoding = 4; lastKnownFileType = sourcecode.c.objc; path = HPKWebViewPool.m; sourceTree = "<group>"; };
		B971A7D720611E63004EFA4A /* HPKWebViewPool.h */ = {isa = PBXFileReference; fileEncoding = 4; lastKnownFileType = sourcecode.c.h; path = HPKWebViewPool.h; sourceTree = "<group>"; };
		B971A7D820611E63004EFA4A /* HPKWebView.h */ = {isa = PBXFileReference; fileEncoding = 4; lastKnownFileType = sourcecode.c.h; path = HPKWebView.h; sourceTree = "<group>"; };
		B971A7D920611E63004EFA4A /* HPKWebView.m */ = {isa = PBXFileReference; fileEncoding = 4; lastKnownFileType = sourcecode.c.objc; path = HPKWebView.m; sourceTree = "<group>"; };
		B971A7DC20612FA0004EFA4A /* LocalServer.h */ = {isa = PBXFileReference; lastKnownFileType = sourcecode.c.h; path = LocalServer.h; sourceTree = "<group>"; };
		B971A7DD20612FA0004EFA4A /* LocalServer.m */ = {isa = PBXFileReference; lastKnownFileType = sourcecode.c.objc; path = LocalServer.m; sourceTree = "<group>"; };
		B971A7DF206139B5004EFA4A /* ListViewController.h */ = {isa = PBXFileReference; lastKnownFileType = sourcecode.c.h; path = ListViewController.h; sourceTree = "<group>"; };
		B971A7E0206139B5004EFA4A /* ListViewController.m */ = {isa = PBXFileReference; lastKnownFileType = sourcecode.c.objc; path = ListViewController.m; sourceTree = "<group>"; };
		B971A7E920623541004EFA4A /* ArticleApi.h */ = {isa = PBXFileReference; lastKnownFileType = sourcecode.c.h; path = ArticleApi.h; sourceTree = "<group>"; };
		B971A7EA20623541004EFA4A /* ArticleApi.m */ = {isa = PBXFileReference; lastKnownFileType = sourcecode.c.objc; path = ArticleApi.m; sourceTree = "<group>"; };
		B971A7F1206240B3004EFA4A /* articleContent.txt */ = {isa = PBXFileReference; lastKnownFileType = text; path = articleContent.txt; sourceTree = "<group>"; };
		B971A7F3206250CF004EFA4A /* ArticleModel.h */ = {isa = PBXFileReference; lastKnownFileType = sourcecode.c.h; path = ArticleModel.h; sourceTree = "<group>"; };
		B971A7F4206250CF004EFA4A /* ArticleModel.m */ = {isa = PBXFileReference; lastKnownFileType = sourcecode.c.objc; path = ArticleModel.m; sourceTree = "<group>"; };
		B971A7F6206250E4004EFA4A /* MediaModel.h */ = {isa = PBXFileReference; lastKnownFileType = sourcecode.c.h; path = MediaModel.h; sourceTree = "<group>"; };
		B971A7F7206250E4004EFA4A /* MediaModel.m */ = {isa = PBXFileReference; lastKnownFileType = sourcecode.c.objc; path = MediaModel.m; sourceTree = "<group>"; };
		B971A7F920625103004EFA4A /* HotCommentModel.h */ = {isa = PBXFileReference; lastKnownFileType = sourcecode.c.h; path = HotCommentModel.h; sourceTree = "<group>"; };
		B971A7FA20625103004EFA4A /* HotCommentModel.m */ = {isa = PBXFileReference; lastKnownFileType = sourcecode.c.objc; path = HotCommentModel.m; sourceTree = "<group>"; };
		B971A7FC2062512D004EFA4A /* RelateNewsModel.h */ = {isa = PBXFileReference; lastKnownFileType = sourcecode.c.h; path = RelateNewsModel.h; sourceTree = "<group>"; };
		B971A7FD2062512D004EFA4A /* RelateNewsModel.m */ = {isa = PBXFileReference; lastKnownFileType = sourcecode.c.objc; path = RelateNewsModel.m; sourceTree = "<group>"; };
		B971A7FF20625AB6004EFA4A /* ImageModel.h */ = {isa = PBXFileReference; lastKnownFileType = sourcecode.c.h; path = ImageModel.h; sourceTree = "<group>"; };
		B971A80020625AB6004EFA4A /* ImageModel.m */ = {isa = PBXFileReference; lastKnownFileType = sourcecode.c.objc; path = ImageModel.m; sourceTree = "<group>"; };
		B971A80220625ACE004EFA4A /* GifModel.h */ = {isa = PBXFileReference; lastKnownFileType = sourcecode.c.h; path = GifModel.h; sourceTree = "<group>"; };
		B971A80320625ACE004EFA4A /* GifModel.m */ = {isa = PBXFileReference; lastKnownFileType = sourcecode.c.objc; path = GifModel.m; sourceTree = "<group>"; };
		B971A80520625ADF004EFA4A /* VideoModel.h */ = {isa = PBXFileReference; lastKnownFileType = sourcecode.c.h; path = VideoModel.h; sourceTree = "<group>"; };
		B971A80620625ADF004EFA4A /* VideoModel.m */ = {isa = PBXFileReference; lastKnownFileType = sourcecode.c.objc; path = VideoModel.m; sourceTree = "<group>"; };
		B971A80820625AF1004EFA4A /* AdModel.h */ = {isa = PBXFileReference; lastKnownFileType = sourcecode.c.h; path = AdModel.h; sourceTree = "<group>"; };
		B971A80920625AF1004EFA4A /* AdModel.m */ = {isa = PBXFileReference; lastKnownFileType = sourcecode.c.objc; path = AdModel.m; sourceTree = "<group>"; };
		B971A80B20628466004EFA4A /* ImageView.h */ = {isa = PBXFileReference; lastKnownFileType = sourcecode.c.h; path = ImageView.h; sourceTree = "<group>"; };
		B971A80C20628466004EFA4A /* ImageView.m */ = {isa = PBXFileReference; lastKnownFileType = sourcecode.c.objc; path = ImageView.m; sourceTree = "<group>"; };
		B971A80E20628483004EFA4A /* GifView.h */ = {isa = PBXFileReference; lastKnownFileType = sourcecode.c.h; path = GifView.h; sourceTree = "<group>"; };
		B971A80F20628483004EFA4A /* GifView.m */ = {isa = PBXFileReference; lastKnownFileType = sourcecode.c.objc; path = GifView.m; sourceTree = "<group>"; };
		B971A81120628491004EFA4A /* VideoView.h */ = {isa = PBXFileReference; lastKnownFileType = sourcecode.c.h; path = VideoView.h; sourceTree = "<group>"; };
		B971A81220628491004EFA4A /* VideoView.m */ = {isa = PBXFileReference; lastKnownFileType = sourcecode.c.objc; path = VideoView.m; sourceTree = "<group>"; };
		B971A814206284A1004EFA4A /* AdView.h */ = {isa = PBXFileReference; lastKnownFileType = sourcecode.c.h; path = AdView.h; sourceTree = "<group>"; };
		B971A815206284A1004EFA4A /* AdView.m */ = {isa = PBXFileReference; lastKnownFileType = sourcecode.c.objc; path = AdView.m; sourceTree = "<group>"; };
		B971A81720628511004EFA4A /* MediaView.h */ = {isa = PBXFileReference; lastKnownFileType = sourcecode.c.h; path = MediaView.h; sourceTree = "<group>"; };
		B971A81820628511004EFA4A /* MediaView.m */ = {isa = PBXFileReference; lastKnownFileType = sourcecode.c.objc; path = MediaView.m; sourceTree = "<group>"; };
		B971A81A2062853B004EFA4A /* HotCommentView.h */ = {isa = PBXFileReference; lastKnownFileType = sourcecode.c.h; path = HotCommentView.h; sourceTree = "<group>"; };
		B971A81B2062853B004EFA4A /* HotCommentView.m */ = {isa = PBXFileReference; lastKnownFileType = sourcecode.c.objc; path = HotCommentView.m; sourceTree = "<group>"; };
		B971A81D20628549004EFA4A /* RelateNewsView.h */ = {isa = PBXFileReference; lastKnownFileType = sourcecode.c.h; path = RelateNewsView.h; sourceTree = "<group>"; };
		B971A81E20628549004EFA4A /* RelateNewsView.m */ = {isa = PBXFileReference; lastKnownFileType = sourcecode.c.objc; path = RelateNewsView.m; sourceTree = "<group>"; };
		B971A820206286A8004EFA4A /* HtmlRenderHandler.h */ = {isa = PBXFileReference; lastKnownFileType = sourcecode.c.h; path = HtmlRenderHandler.h; sourceTree = "<group>"; };
		B971A821206286A8004EFA4A /* HtmlRenderHandler.m */ = {isa = PBXFileReference; lastKnownFileType = sourcecode.c.objc; path = HtmlRenderHandler.m; sourceTree = "<group>"; };
		B971A82C20628DED004EFA4A /* ComponentRendering.h */ = {isa = PBXFileReference; lastKnownFileType = sourcecode.c.h; path = ComponentRendering.h; sourceTree = "<group>"; };
		B971A82D20628DED004EFA4A /* ComponentRendering.m */ = {isa = PBXFileReference; lastKnownFileType = sourcecode.c.objc; path = ComponentRendering.m; sourceTree = "<group>"; };
		B971A83920637195004EFA4A /* HPKContainerScrollView.h */ = {isa = PBXFileReference; lastKnownFileType = sourcecode.c.h; path = HPKContainerScrollView.h; sourceTree = "<group>"; };
		B971A83A20637195004EFA4A /* HPKContainerScrollView.m */ = {isa = PBXFileReference; lastKnownFileType = sourcecode.c.objc; path = HPKContainerScrollView.m; sourceTree = "<group>"; };
		B971A83C20637ED9004EFA4A /* PrefixHeader.pch */ = {isa = PBXFileReference; lastKnownFileType = sourcecode.c.h; path = PrefixHeader.pch; sourceTree = "<group>"; };
		B9A3727B20848605000F9E6A /* HPKDefs.h */ = {isa = PBXFileReference; lastKnownFileType = sourcecode.c.h; path = HPKDefs.h; sourceTree = "<group>"; };
		B9D64B70206CA62A009FFB03 /* HPKURLProtocol.h */ = {isa = PBXFileReference; lastKnownFileType = sourcecode.c.h; path = HPKURLProtocol.h; sourceTree = "<group>"; };
		B9D64B71206CA62A009FFB03 /* HPKURLProtocol.m */ = {isa = PBXFileReference; lastKnownFileType = sourcecode.c.objc; path = HPKURLProtocol.m; sourceTree = "<group>"; };
		B9D64B79206CD128009FFB03 /* iconImage.png */ = {isa = PBXFileReference; lastKnownFileType = image.png; path = iconImage.png; sourceTree = "<group>"; };
		B9D64B7B206CD17E009FFB03 /* play.png */ = {isa = PBXFileReference; lastKnownFileType = image.png; path = play.png; sourceTree = "<group>"; };
		B9D64B7D206CE5F6009FFB03 /* gif2.jpeg */ = {isa = PBXFileReference; lastKnownFileType = image.jpeg; path = gif2.jpeg; sourceTree = "<group>"; };
		B9D64B7E206CE5F6009FFB03 /* gif1.jpeg */ = {isa = PBXFileReference; lastKnownFileType = image.jpeg; path = gif1.jpeg; sourceTree = "<group>"; };
		B9F750C634990BDD6329B757 /* libPods-HybridPageKit.a */ = {isa = PBXFileReference; explicitFileType = archive.ar; includeInIndex = 0; path = "libPods-HybridPageKit.a"; sourceTree = BUILT_PRODUCTS_DIR; };
		D05E89FAEA1CC2DB38C7405B /* Pods-HybridPageKit.debug.xcconfig */ = {isa = PBXFileReference; includeInIndex = 1; lastKnownFileType = text.xcconfig; name = "Pods-HybridPageKit.debug.xcconfig"; path = "Pods/Target Support Files/Pods-HybridPageKit/Pods-HybridPageKit.debug.xcconfig"; sourceTree = "<group>"; };
/* End PBXFileReference section */

/* Begin PBXFrameworksBuildPhase section */
		B92ADA1A206104F000C5CC9F /* Frameworks */ = {
			isa = PBXFrameworksBuildPhase;
			buildActionMask = 2147483647;
			files = (
				C9DF21612A48C5DD8404C688 /* libPods-HybridPageKit.a in Frameworks */,
			);
			runOnlyForDeploymentPostprocessing = 0;
		};
/* End PBXFrameworksBuildPhase section */

/* Begin PBXGroup section */
		0F7CB1AC35B750CD6D2B8248 /* Pods */ = {
			isa = PBXGroup;
			children = (
				D05E89FAEA1CC2DB38C7405B /* Pods-HybridPageKit.debug.xcconfig */,
				1C13DBD28613BC9A443A7A3D /* Pods-HybridPageKit.release.xcconfig */,
			);
			name = Pods;
			sourceTree = "<group>";
		};
		4EA87B665C0F615DC45C8576 /* Frameworks */ = {
			isa = PBXGroup;
			children = (
				B9F750C634990BDD6329B757 /* libPods-HybridPageKit.a */,
			);
			name = Frameworks;
			sourceTree = "<group>";
		};
		B90B9353207CAFE30029513B /* Source */ = {
			isa = PBXGroup;
			children = (
				B971A83920637195004EFA4A /* HPKContainerScrollView.h */,
				B971A83A20637195004EFA4A /* HPKContainerScrollView.m */,
				B971A7D720611E63004EFA4A /* HPKWebViewPool.h */,
				B971A7D620611E63004EFA4A /* HPKWebViewPool.m */,
				B971A7D820611E63004EFA4A /* HPKWebView.h */,
				B971A7D920611E63004EFA4A /* HPKWebView.m */,
				B90B9357207CD73F0029513B /* HPKWebViewHandler.h */,
				B90B9358207CD73F0029513B /* HPKWebViewHandler.m */,
				B9D64B70206CA62A009FFB03 /* HPKURLProtocol.h */,
				B9D64B71206CA62A009FFB03 /* HPKURLProtocol.m */,
			);
			path = Source;
			sourceTree = "<group>";
		};
		B90B935A207CE0980029513B /* Folded */ = {
			isa = PBXGroup;
			children = (
				B90B935B207CE1800029513B /* FoldedView.h */,
				B90B935C207CE1800029513B /* FoldedView.m */,
				B90B935E207CE18C0029513B /* FoldedModel.h */,
				B90B935F207CE18C0029513B /* FoldedModel.m */,
				B90B9361207CE1990029513B /* FoldedController.h */,
				B90B9362207CE1990029513B /* FoldedController.m */,
			);
			path = Folded;
			sourceTree = "<group>";
		};
		B92ADA14206104F000C5CC9F = {
			isa = PBXGroup;
			children = (
				B92ADA1F206104F000C5CC9F /* HybridPageKit */,
				B92ADA1E206104F000C5CC9F /* Products */,
				0F7CB1AC35B750CD6D2B8248 /* Pods */,
				4EA87B665C0F615DC45C8576 /* Frameworks */,
			);
			sourceTree = "<group>";
		};
		B92ADA1E206104F000C5CC9F /* Products */ = {
			isa = PBXGroup;
			children = (
				B92ADA1D206104F000C5CC9F /* HybridPageKit.app */,
			);
			name = Products;
			sourceTree = "<group>";
		};
		B92ADA1F206104F000C5CC9F /* HybridPageKit */ = {
			isa = PBXGroup;
			children = (
				B9E775DB20689ADC00A4D274 /* Source */,
				B9E775DC20689AE700A4D274 /* Example */,
				B92ADA20206104F000C5CC9F /* AppDelegate.h */,
				B92ADA21206104F000C5CC9F /* AppDelegate.m */,
				B971A7DF206139B5004EFA4A /* ListViewController.h */,
				B971A7E0206139B5004EFA4A /* ListViewController.m */,
				B92ADA2E206104F000C5CC9F /* Info.plist */,
				B92ADA2F206104F000C5CC9F /* main.m */,
				5EF39B822061594B00BF2B5A /* Images.xcassets */,
				B971A83C20637ED9004EFA4A /* PrefixHeader.pch */,
			);
			path = HybridPageKit;
			sourceTree = "<group>";
		};
		B944DC0620689F8F00BD0F06 /* Api */ = {
			isa = PBXGroup;
			children = (
				B9A37278208473AE000F9E6A /* FakeServerData */,
				B971A7F3206250CF004EFA4A /* ArticleModel.h */,
				B971A7F4206250CF004EFA4A /* ArticleModel.m */,
				B971A7DC20612FA0004EFA4A /* LocalServer.h */,
				B971A7DD20612FA0004EFA4A /* LocalServer.m */,
				B971A7E920623541004EFA4A /* ArticleApi.h */,
				B971A7EA20623541004EFA4A /* ArticleApi.m */,
			);
			path = Api;
			sourceTree = "<group>";
		};
		B944DC222069025600BD0F06 /* Title */ = {
			isa = PBXGroup;
			children = (
				B944DC23206902DE00BD0F06 /* TitleView.h */,
				B944DC24206902DE00BD0F06 /* TitleView.m */,
				B944DC26206902EE00BD0F06 /* TitleModel.h */,
				B944DC27206902EE00BD0F06 /* TitleModel.m */,
				B944DC292069045E00BD0F06 /* TitleController.h */,
				B944DC2A2069045E00BD0F06 /* TitleController.m */,
			);
			path = Title;
			sourceTree = "<group>";
		};
		B9A37278208473AE000F9E6A /* FakeServerData */ = {
			isa = PBXGroup;
			children = (
				5EE016F52073D6920097FAE9 /* jquery.js */,
				B9D64B7E206CE5F6009FFB03 /* gif1.jpeg */,
				B9D64B7D206CE5F6009FFB03 /* gif2.jpeg */,
				B9D64B7B206CD17E009FFB03 /* play.png */,
				B9D64B79206CD128009FFB03 /* iconImage.png */,
				B971A7F1206240B3004EFA4A /* articleContent.txt */,
				B90B9364207E1BB20029513B /* shortArticleContent.txt */,
				B9314C4B207220BD0052C964 /* adContent.txt */,
				B9314C4C207220BD0052C964 /* hotCommentContent.txt */,
			);
			path = FakeServerData;
			sourceTree = "<group>";
		};
		B9A5C1AC2091A30800D4A235 /* PageController */ = {
			isa = PBXGroup;
			children = (
				B90B9344207C9E1B0029513B /* SingleWebViewController.h */,
				B90B9345207C9E1B0029513B /* SingleWebViewController.m */,
				B90B934A207C9E490029513B /* HybridViewController.h */,
				B90B934B207C9E490029513B /* HybridViewController.m */,
				B90B9347207C9E350029513B /* BannerViewController.h */,
				B90B9348207C9E350029513B /* BannerViewController.m */,
				B90B934D207CA2130029513B /* FoldedViewController.h */,
				B90B934E207CA2130029513B /* FoldedViewController.m */,
			);
			path = PageController;
			sourceTree = "<group>";
		};
		B9A5C1AD2091A32100D4A235 /* HTMLRender */ = {
			isa = PBXGroup;
			children = (
				B971A82C20628DED004EFA4A /* ComponentRendering.h */,
				B971A82D20628DED004EFA4A /* ComponentRendering.m */,
				B971A820206286A8004EFA4A /* HtmlRenderHandler.h */,
				B971A821206286A8004EFA4A /* HtmlRenderHandler.m */,
			);
			path = HTMLRender;
			sourceTree = "<group>";
		};
		B9E775DB20689ADC00A4D274 /* Source */ = {
			isa = PBXGroup;
			children = (
				B90B9353207CAFE30029513B /* Source */,
				B944DC0320689F7F00BD0F06 /* HPKViewController.h */,
				B944DC0420689F7F00BD0F06 /* HPKViewController.m */,
				B9A3727B20848605000F9E6A /* HPKDefs.h */,
			);
			path = Source;
			sourceTree = "<group>";
		};
		B9E775DC20689AE700A4D274 /* Example */ = {
			isa = PBXGroup;
			children = (
				B9A5C1AD2091A32100D4A235 /* HTMLRender */,
				B9A5C1AC2091A30800D4A235 /* PageController */,
				B944DC0620689F8F00BD0F06 /* Api */,
				B9E775DD20689B6100A4D274 /* Features */,
			);
			path = Example;
			sourceTree = "<group>";
		};
		B9E775DD20689B6100A4D274 /* Features */ = {
			isa = PBXGroup;
			children = (
				B944DC2D2069049100BD0F06 /* ArticleFeatureDef.h */,
				B9E775DE20689B8000A4D274 /* Image */,
				B9E775DF20689B8500A4D274 /* Gif */,
				B9E775E020689B8B00A4D274 /* Video */,
				B9E775E120689B9700A4D274 /* Ad */,
				B9E775E420689BAE00A4D274 /* RealteNews */,
				B9E775E320689BA700A4D274 /* HotComment */,
				B9E775E220689B9C00A4D274 /* MediaCard */,
				B90B935A207CE0980029513B /* Folded */,
				B944DC222069025600BD0F06 /* Title */,
			);
			path = Features;
			sourceTree = "<group>";
		};
		B9E775DE20689B8000A4D274 /* Image */ = {
			isa = PBXGroup;
			children = (
				B971A80B20628466004EFA4A /* ImageView.h */,
				B971A80C20628466004EFA4A /* ImageView.m */,
				B971A7FF20625AB6004EFA4A /* ImageModel.h */,
				B971A80020625AB6004EFA4A /* ImageModel.m */,
				B944DC192068BF0100BD0F06 /* ImageController.h */,
				B944DC1A2068BF0100BD0F06 /* ImageController.m */,
			);
			path = Image;
			sourceTree = "<group>";
		};
		B9E775DF20689B8500A4D274 /* Gif */ = {
			isa = PBXGroup;
			children = (
				B971A80E20628483004EFA4A /* GifView.h */,
				B971A80F20628483004EFA4A /* GifView.m */,
				B971A80220625ACE004EFA4A /* GifModel.h */,
				B971A80320625ACE004EFA4A /* GifModel.m */,
				B944DC162068BEC200BD0F06 /* GifController.h */,
				B944DC172068BEC200BD0F06 /* GifController.m */,
			);
			path = Gif;
			sourceTree = "<group>";
		};
		B9E775E020689B8B00A4D274 /* Video */ = {
			isa = PBXGroup;
			children = (
				B971A81120628491004EFA4A /* VideoView.h */,
				B971A81220628491004EFA4A /* VideoView.m */,
				B971A80520625ADF004EFA4A /* VideoModel.h */,
				B971A80620625ADF004EFA4A /* VideoModel.m */,
				B944DC132068BE3A00BD0F06 /* VideoController.h */,
				B944DC142068BE3A00BD0F06 /* VideoController.m */,
			);
			path = Video;
			sourceTree = "<group>";
		};
		B9E775E120689B9700A4D274 /* Ad */ = {
			isa = PBXGroup;
			children = (
				B971A814206284A1004EFA4A /* AdView.h */,
				B971A815206284A1004EFA4A /* AdView.m */,
				B971A80820625AF1004EFA4A /* AdModel.h */,
				B971A80920625AF1004EFA4A /* AdModel.m */,
				B944DC102068BDC800BD0F06 /* AdController.h */,
				B944DC112068BDC800BD0F06 /* AdController.m */,
			);
			path = Ad;
			sourceTree = "<group>";
		};
		B9E775E220689B9C00A4D274 /* MediaCard */ = {
			isa = PBXGroup;
			children = (
				B971A81720628511004EFA4A /* MediaView.h */,
				B971A81820628511004EFA4A /* MediaView.m */,
				B971A7F6206250E4004EFA4A /* MediaModel.h */,
				B971A7F7206250E4004EFA4A /* MediaModel.m */,
				B944DC0D2068BD6100BD0F06 /* MediaController.h */,
				B944DC0E2068BD6100BD0F06 /* MediaController.m */,
			);
			path = MediaCard;
			sourceTree = "<group>";
		};
		B9E775E320689BA700A4D274 /* HotComment */ = {
			isa = PBXGroup;
			children = (
				B971A81A2062853B004EFA4A /* HotCommentView.h */,
				B971A81B2062853B004EFA4A /* HotCommentView.m */,
				B971A7F920625103004EFA4A /* HotCommentModel.h */,
				B971A7FA20625103004EFA4A /* HotCommentModel.m */,
				B944DC0A2068BD1A00BD0F06 /* HotCommentController.h */,
				B944DC0B2068BD1A00BD0F06 /* HotCommentController.m */,
			);
			path = HotComment;
			sourceTree = "<group>";
		};
		B9E775E420689BAE00A4D274 /* RealteNews */ = {
			isa = PBXGroup;
			children = (
				B971A81D20628549004EFA4A /* RelateNewsView.h */,
				B971A81E20628549004EFA4A /* RelateNewsView.m */,
				B971A7FC2062512D004EFA4A /* RelateNewsModel.h */,
				B971A7FD2062512D004EFA4A /* RelateNewsModel.m */,
				B944DC072068BCD500BD0F06 /* RelateNewsController.h */,
				B944DC082068BCD500BD0F06 /* RelateNewsController.m */,
			);
			path = RealteNews;
			sourceTree = "<group>";
		};
/* End PBXGroup section */

/* Begin PBXNativeTarget section */
		B92ADA1C206104F000C5CC9F /* HybridPageKit */ = {
			isa = PBXNativeTarget;
			buildConfigurationList = B92ADA33206104F000C5CC9F /* Build configuration list for PBXNativeTarget "HybridPageKit" */;
			buildPhases = (
				26B171F1951B171B72EF3C41 /* [CP] Check Pods Manifest.lock */,
				B92ADA19206104F000C5CC9F /* Sources */,
				B92ADA1A206104F000C5CC9F /* Frameworks */,
				B92ADA1B206104F000C5CC9F /* Resources */,
				BCA758157360AF57AB9D8A4F /* [CP] Copy Pods Resources */,
			);
			buildRules = (
			);
			dependencies = (
			);
			name = HybridPageKit;
			productName = HybridPageKit;
			productReference = B92ADA1D206104F000C5CC9F /* HybridPageKit.app */;
			productType = "com.apple.product-type.application";
		};
/* End PBXNativeTarget section */

/* Begin PBXProject section */
		B92ADA15206104F000C5CC9F /* Project object */ = {
			isa = PBXProject;
			attributes = {
				LastUpgradeCheck = 0920;
				ORGANIZATIONNAME = HybridPageKit;
				TargetAttributes = {
					B92ADA1C206104F000C5CC9F = {
						CreatedOnToolsVersion = 9.2;
						ProvisioningStyle = Automatic;
					};
				};
			};
			buildConfigurationList = B92ADA18206104F000C5CC9F /* Build configuration list for PBXProject "HybridPageKit" */;
			compatibilityVersion = "Xcode 8.0";
			developmentRegion = en;
			hasScannedForEncodings = 0;
			knownRegions = (
				en,
				Base,
			);
			mainGroup = B92ADA14206104F000C5CC9F;
			productRefGroup = B92ADA1E206104F000C5CC9F /* Products */;
			projectDirPath = "";
			projectRoot = "";
			targets = (
				B92ADA1C206104F000C5CC9F /* HybridPageKit */,
			);
		};
/* End PBXProject section */

/* Begin PBXResourcesBuildPhase section */
		B92ADA1B206104F000C5CC9F /* Resources */ = {
			isa = PBXResourcesBuildPhase;
			buildActionMask = 2147483647;
			files = (
				B9D64B7F206CE5F6009FFB03 /* gif2.jpeg in Resources */,
				B9D64B80206CE5F6009FFB03 /* gif1.jpeg in Resources */,
				B90B9365207E1BB20029513B /* shortArticleContent.txt in Resources */,
				B9D64B7C206CD17F009FFB03 /* play.png in Resources */,
				B9D64B7A206CD128009FFB03 /* iconImage.png in Resources */,
				B9314C4E207220BE0052C964 /* hotCommentContent.txt in Resources */,
				B971A7F2206240B3004EFA4A /* articleContent.txt in Resources */,
				5EE016F62073D6920097FAE9 /* jquery.js in Resources */,
				5EF39B832061594B00BF2B5A /* Images.xcassets in Resources */,
				B9314C4D207220BE0052C964 /* adContent.txt in Resources */,
			);
			runOnlyForDeploymentPostprocessing = 0;
		};
/* End PBXResourcesBuildPhase section */

/* Begin PBXShellScriptBuildPhase section */
		26B171F1951B171B72EF3C41 /* [CP] Check Pods Manifest.lock */ = {
			isa = PBXShellScriptBuildPhase;
			buildActionMask = 2147483647;
			files = (
			);
			inputPaths = (
				"${PODS_PODFILE_DIR_PATH}/Podfile.lock",
				"${PODS_ROOT}/Manifest.lock",
			);
			name = "[CP] Check Pods Manifest.lock";
			outputPaths = (
				"$(DERIVED_FILE_DIR)/Pods-HybridPageKit-checkManifestLockResult.txt",
			);
			runOnlyForDeploymentPostprocessing = 0;
			shellPath = /bin/sh;
			shellScript = "diff \"${PODS_PODFILE_DIR_PATH}/Podfile.lock\" \"${PODS_ROOT}/Manifest.lock\" > /dev/null\nif [ $? != 0 ] ; then\n    # print error to STDERR\n    echo \"error: The sandbox is not in sync with the Podfile.lock. Run 'pod install' or update your CocoaPods installation.\" >&2\n    exit 1\nfi\n# This output is used by Xcode 'outputs' to avoid re-running this script phase.\necho \"SUCCESS\" > \"${SCRIPT_OUTPUT_FILE_0}\"\n";
			showEnvVarsInLog = 0;
		};
		BCA758157360AF57AB9D8A4F /* [CP] Copy Pods Resources */ = {
			isa = PBXShellScriptBuildPhase;
			buildActionMask = 2147483647;
			files = (
			);
			inputPaths = (
				"${SRCROOT}/Pods/Target Support Files/Pods-HybridPageKit/Pods-HybridPageKit-resources.sh",
				"${PODS_ROOT}/MJRefresh/MJRefresh/MJRefresh.bundle",
			);
			name = "[CP] Copy Pods Resources";
			outputPaths = (
				"${TARGET_BUILD_DIR}/${UNLOCALIZED_RESOURCES_FOLDER_PATH}/MJRefresh.bundle",
			);
			runOnlyForDeploymentPostprocessing = 0;
			shellPath = /bin/sh;
			shellScript = "\"${SRCROOT}/Pods/Target Support Files/Pods-HybridPageKit/Pods-HybridPageKit-resources.sh\"\n";
			showEnvVarsInLog = 0;
		};
/* End PBXShellScriptBuildPhase section */

/* Begin PBXSourcesBuildPhase section */
		B92ADA19206104F000C5CC9F /* Sources */ = {
			isa = PBXSourcesBuildPhase;
			buildActionMask = 2147483647;
			files = (
				B971A7DA20611E63004EFA4A /* HPKWebViewPool.m in Sources */,
				B944DC0C2068BD1A00BD0F06 /* HotCommentController.m in Sources */,
				B944DC1B2068BF0100BD0F06 /* ImageController.m in Sources */,
				B90B9359207CD73F0029513B /* HPKWebViewHandler.m in Sources */,
				B971A82E20628DED004EFA4A /* ComponentRendering.m in Sources */,
				B944DC2B2069045E00BD0F06 /* TitleController.m in Sources */,
				B971A80720625ADF004EFA4A /* VideoModel.m in Sources */,
				B90B9363207CE1990029513B /* FoldedController.m in Sources */,
				B971A7E1206139B5004EFA4A /* ListViewController.m in Sources */,
				B944DC0520689F7F00BD0F06 /* HPKViewController.m in Sources */,
				B944DC25206902DE00BD0F06 /* TitleView.m in Sources */,
				B90B934C207C9E490029513B /* HybridViewController.m in Sources */,
				B971A80D20628466004EFA4A /* ImageView.m in Sources */,
				B971A7EB20623541004EFA4A /* ArticleApi.m in Sources */,
				B90B9349207C9E350029513B /* BannerViewController.m in Sources */,
				B92ADA30206104F000C5CC9F /* main.m in Sources */,
				B971A81F20628549004EFA4A /* RelateNewsView.m in Sources */,
				B971A81920628511004EFA4A /* MediaView.m in Sources */,
				B971A7F5206250CF004EFA4A /* ArticleModel.m in Sources */,
				B944DC182068BEC200BD0F06 /* GifController.m in Sources */,
				B971A7DB20611E63004EFA4A /* HPKWebView.m in Sources */,
				B944DC152068BE3A00BD0F06 /* VideoController.m in Sources */,
				B90B9346207C9E1B0029513B /* SingleWebViewController.m in Sources */,
				B971A80420625ACE004EFA4A /* GifModel.m in Sources */,
				B971A7F8206250E4004EFA4A /* MediaModel.m in Sources */,
				B9D64B72206CA62A009FFB03 /* HPKURLProtocol.m in Sources */,
				B971A80120625AB6004EFA4A /* ImageModel.m in Sources */,
				B944DC122068BDC800BD0F06 /* AdController.m in Sources */,
				B971A816206284A1004EFA4A /* AdView.m in Sources */,
				B971A80A20625AF1004EFA4A /* AdModel.m in Sources */,
				B971A7FE2062512D004EFA4A /* RelateNewsModel.m in Sources */,
				B971A83B20637195004EFA4A /* HPKContainerScrollView.m in Sources */,
				B90B935D207CE1800029513B /* FoldedView.m in Sources */,
				B944DC0F2068BD6100BD0F06 /* MediaController.m in Sources */,
				B971A7DE20612FA0004EFA4A /* LocalServer.m in Sources */,
				B971A7FB20625103004EFA4A /* HotCommentModel.m in Sources */,
				B971A81320628491004EFA4A /* VideoView.m in Sources */,
				B971A81C2062853B004EFA4A /* HotCommentView.m in Sources */,
				B90B934F207CA2130029513B /* FoldedViewController.m in Sources */,
				B944DC092068BCD500BD0F06 /* RelateNewsController.m in Sources */,
				B90B9360207CE18C0029513B /* FoldedModel.m in Sources */,
				B971A81020628483004EFA4A /* GifView.m in Sources */,
				B92ADA22206104F000C5CC9F /* AppDelegate.m in Sources */,
				B944DC28206902EE00BD0F06 /* TitleModel.m in Sources */,
				B971A822206286A8004EFA4A /* HtmlRenderHandler.m in Sources */,
			);
			runOnlyForDeploymentPostprocessing = 0;
		};
/* End PBXSourcesBuildPhase section */

/* Begin XCBuildConfiguration section */
		B92ADA31206104F000C5CC9F /* Debug */ = {
			isa = XCBuildConfiguration;
			buildSettings = {
				ALWAYS_SEARCH_USER_PATHS = NO;
				CLANG_ANALYZER_NONNULL = YES;
				CLANG_ANALYZER_NUMBER_OBJECT_CONVERSION = YES_AGGRESSIVE;
				CLANG_CXX_LANGUAGE_STANDARD = "gnu++14";
				CLANG_CXX_LIBRARY = "libc++";
				CLANG_ENABLE_MODULES = YES;
				CLANG_ENABLE_OBJC_ARC = YES;
				CLANG_WARN_BLOCK_CAPTURE_AUTORELEASING = YES;
				CLANG_WARN_BOOL_CONVERSION = YES;
				CLANG_WARN_COMMA = YES;
				CLANG_WARN_CONSTANT_CONVERSION = YES;
				CLANG_WARN_DIRECT_OBJC_ISA_USAGE = YES_ERROR;
				CLANG_WARN_DOCUMENTATION_COMMENTS = YES;
				CLANG_WARN_EMPTY_BODY = YES;
				CLANG_WARN_ENUM_CONVERSION = YES;
				CLANG_WARN_INFINITE_RECURSION = YES;
				CLANG_WARN_INT_CONVERSION = YES;
				CLANG_WARN_NON_LITERAL_NULL_CONVERSION = YES;
				CLANG_WARN_OBJC_LITERAL_CONVERSION = YES;
				CLANG_WARN_OBJC_ROOT_CLASS = YES_ERROR;
				CLANG_WARN_RANGE_LOOP_ANALYSIS = YES;
				CLANG_WARN_STRICT_PROTOTYPES = YES;
				CLANG_WARN_SUSPICIOUS_MOVE = YES;
				CLANG_WARN_UNGUARDED_AVAILABILITY = YES_AGGRESSIVE;
				CLANG_WARN_UNREACHABLE_CODE = YES;
				CLANG_WARN__DUPLICATE_METHOD_MATCH = YES;
				CODE_SIGN_IDENTITY = "iPhone Developer";
				COPY_PHASE_STRIP = NO;
				DEBUG_INFORMATION_FORMAT = dwarf;
				ENABLE_STRICT_OBJC_MSGSEND = YES;
				ENABLE_TESTABILITY = YES;
				GCC_C_LANGUAGE_STANDARD = gnu11;
				GCC_DYNAMIC_NO_PIC = NO;
				GCC_NO_COMMON_BLOCKS = YES;
				GCC_OPTIMIZATION_LEVEL = 0;
				GCC_PREPROCESSOR_DEFINITIONS = (
					"DEBUG=1",
					"$(inherited)",
				);
				GCC_WARN_64_TO_32_BIT_CONVERSION = YES;
				GCC_WARN_ABOUT_RETURN_TYPE = YES_ERROR;
				GCC_WARN_UNDECLARED_SELECTOR = YES;
				GCC_WARN_UNINITIALIZED_AUTOS = YES_AGGRESSIVE;
				GCC_WARN_UNUSED_FUNCTION = YES;
				GCC_WARN_UNUSED_VARIABLE = YES;
				IPHONEOS_DEPLOYMENT_TARGET = 11.2;
				MTL_ENABLE_DEBUG_INFO = YES;
				ONLY_ACTIVE_ARCH = YES;
				SDKROOT = iphoneos;
			};
			name = Debug;
		};
		B92ADA32206104F000C5CC9F /* Release */ = {
			isa = XCBuildConfiguration;
			buildSettings = {
				ALWAYS_SEARCH_USER_PATHS = NO;
				CLANG_ANALYZER_NONNULL = YES;
				CLANG_ANALYZER_NUMBER_OBJECT_CONVERSION = YES_AGGRESSIVE;
				CLANG_CXX_LANGUAGE_STANDARD = "gnu++14";
				CLANG_CXX_LIBRARY = "libc++";
				CLANG_ENABLE_MODULES = YES;
				CLANG_ENABLE_OBJC_ARC = YES;
				CLANG_WARN_BLOCK_CAPTURE_AUTORELEASING = YES;
				CLANG_WARN_BOOL_CONVERSION = YES;
				CLANG_WARN_COMMA = YES;
				CLANG_WARN_CONSTANT_CONVERSION = YES;
				CLANG_WARN_DIRECT_OBJC_ISA_USAGE = YES_ERROR;
				CLANG_WARN_DOCUMENTATION_COMMENTS = YES;
				CLANG_WARN_EMPTY_BODY = YES;
				CLANG_WARN_ENUM_CONVERSION = YES;
				CLANG_WARN_INFINITE_RECURSION = YES;
				CLANG_WARN_INT_CONVERSION = YES;
				CLANG_WARN_NON_LITERAL_NULL_CONVERSION = YES;
				CLANG_WARN_OBJC_LITERAL_CONVERSION = YES;
				CLANG_WARN_OBJC_ROOT_CLASS = YES_ERROR;
				CLANG_WARN_RANGE_LOOP_ANALYSIS = YES;
				CLANG_WARN_STRICT_PROTOTYPES = YES;
				CLANG_WARN_SUSPICIOUS_MOVE = YES;
				CLANG_WARN_UNGUARDED_AVAILABILITY = YES_AGGRESSIVE;
				CLANG_WARN_UNREACHABLE_CODE = YES;
				CLANG_WARN__DUPLICATE_METHOD_MATCH = YES;
				CODE_SIGN_IDENTITY = "iPhone Developer";
				COPY_PHASE_STRIP = NO;
				DEBUG_INFORMATION_FORMAT = "dwarf-with-dsym";
				ENABLE_NS_ASSERTIONS = NO;
				ENABLE_STRICT_OBJC_MSGSEND = YES;
				GCC_C_LANGUAGE_STANDARD = gnu11;
				GCC_NO_COMMON_BLOCKS = YES;
				GCC_WARN_64_TO_32_BIT_CONVERSION = YES;
				GCC_WARN_ABOUT_RETURN_TYPE = YES_ERROR;
				GCC_WARN_UNDECLARED_SELECTOR = YES;
				GCC_WARN_UNINITIALIZED_AUTOS = YES_AGGRESSIVE;
				GCC_WARN_UNUSED_FUNCTION = YES;
				GCC_WARN_UNUSED_VARIABLE = YES;
				IPHONEOS_DEPLOYMENT_TARGET = 11.2;
				MTL_ENABLE_DEBUG_INFO = NO;
				SDKROOT = iphoneos;
				VALIDATE_PRODUCT = YES;
			};
			name = Release;
		};
		B92ADA34206104F000C5CC9F /* Debug */ = {
			isa = XCBuildConfiguration;
			baseConfigurationReference = D05E89FAEA1CC2DB38C7405B /* Pods-HybridPageKit.debug.xcconfig */;
			buildSettings = {
				ASSETCATALOG_COMPILER_APPICON_NAME = AppIcon;
				ASSETCATALOG_COMPILER_LAUNCHIMAGE_NAME = LaunchImage;
				CODE_SIGN_IDENTITY = "iPhone Developer";
				CODE_SIGN_STYLE = Automatic;
				DEVELOPMENT_TEAM = "";
				GCC_INCREASE_PRECOMPILED_HEADER_SHARING = NO;
				GCC_PRECOMPILE_PREFIX_HEADER = YES;
				GCC_PREFIX_HEADER = HybridPageKit/PrefixHeader.pch;
				INFOPLIST_FILE = HybridPageKit/Info.plist;
				IPHONEOS_DEPLOYMENT_TARGET = 8.0;
				LD_RUNPATH_SEARCH_PATHS = "$(inherited) @executable_path/Frameworks";
				PRODUCT_BUNDLE_IDENTIFIER = com.HybridPageKit;
				PRODUCT_NAME = "$(TARGET_NAME)";
				PROVISIONING_PROFILE = "";
				PROVISIONING_PROFILE_SPECIFIER = "";
				TARGETED_DEVICE_FAMILY = 1;
			};
			name = Debug;
		};
		B92ADA35206104F000C5CC9F /* Release */ = {
			isa = XCBuildConfiguration;
			baseConfigurationReference = 1C13DBD28613BC9A443A7A3D /* Pods-HybridPageKit.release.xcconfig */;
			buildSettings = {
				ASSETCATALOG_COMPILER_APPICON_NAME = AppIcon;
				ASSETCATALOG_COMPILER_LAUNCHIMAGE_NAME = LaunchImage;
				CODE_SIGN_IDENTITY = "iPhone Developer";
				CODE_SIGN_STYLE = Automatic;
				DEVELOPMENT_TEAM = "";
				GCC_PRECOMPILE_PREFIX_HEADER = YES;
				INFOPLIST_FILE = HybridPageKit/Info.plist;
				IPHONEOS_DEPLOYMENT_TARGET = 8.0;
				LD_RUNPATH_SEARCH_PATHS = "$(inherited) @executable_path/Frameworks";
				PRODUCT_BUNDLE_IDENTIFIER = com.HybridPageKit;
				PRODUCT_NAME = "$(TARGET_NAME)";
				PROVISIONING_PROFILE_SPECIFIER = "";
				TARGETED_DEVICE_FAMILY = 1;
			};
			name = Release;
		};
/* End XCBuildConfiguration section */

/* Begin XCConfigurationList section */
		B92ADA18206104F000C5CC9F /* Build configuration list for PBXProject "HybridPageKit" */ = {
			isa = XCConfigurationList;
			buildConfigurations = (
				B92ADA31206104F000C5CC9F /* Debug */,
				B92ADA32206104F000C5CC9F /* Release */,
			);
			defaultConfigurationIsVisible = 0;
			defaultConfigurationName = Release;
		};
		B92ADA33206104F000C5CC9F /* Build configuration list for PBXNativeTarget "HybridPageKit" */ = {
			isa = XCConfigurationList;
			buildConfigurations = (
				B92ADA34206104F000C5CC9F /* Debug */,
				B92ADA35206104F000C5CC9F /* Release */,
			);
			defaultConfigurationIsVisible = 0;
			defaultConfigurationName = Release;
		};
/* End XCConfigurationList section */
	};
	rootObject = B92ADA15206104F000C5CC9F /* Project object */;
}
